// !$*UTF8*$!
{
	archiveVersion = 1;
	classes = {
	};
	objectVersion = 51;
	objects = {

/* Begin PBXBuildFile section */
		08B09ADD573EFD60F4D045EB /* Pods_WhzxSwiftProject.framework in Frameworks */ = {isa = PBXBuildFile; fileRef = E879667B627EF2DD2888985A /* Pods_WhzxSwiftProject.framework */; };
		BF0987D225315F4F00D4BB9C /* ZXKNetworking.swift in Sources */ = {isa = PBXBuildFile; fileRef = BF0987D125315F4F00D4BB9C /* ZXKNetworking.swift */; };
		BF50AB2D25300F4B004CC7D8 /* ZXKNetworkMacro.swift in Sources */ = {isa = PBXBuildFile; fileRef = BF50AB2C25300F4B004CC7D8 /* ZXKNetworkMacro.swift */; };
		BF6346F82521D74700BCCFE2 /* AppDelegate.swift in Sources */ = {isa = PBXBuildFile; fileRef = BF6346F72521D74700BCCFE2 /* AppDelegate.swift */; };
		BF6346FF2521D74700BCCFE2 /* Main.storyboard in Resources */ = {isa = PBXBuildFile; fileRef = BF6346FD2521D74700BCCFE2 /* Main.storyboard */; };
		BF6347012521D74A00BCCFE2 /* Assets.xcassets in Resources */ = {isa = PBXBuildFile; fileRef = BF6347002521D74A00BCCFE2 /* Assets.xcassets */; };
		BF6347042521D74A00BCCFE2 /* LaunchScreen.storyboard in Resources */ = {isa = PBXBuildFile; fileRef = BF6347022521D74A00BCCFE2 /* LaunchScreen.storyboard */; };
		BF63470F2521D74A00BCCFE2 /* WhzxSwiftProjectTests.swift in Sources */ = {isa = PBXBuildFile; fileRef = BF63470E2521D74A00BCCFE2 /* WhzxSwiftProjectTests.swift */; };
		BF63471A2521D74A00BCCFE2 /* WhzxSwiftProjectUITests.swift in Sources */ = {isa = PBXBuildFile; fileRef = BF6347192521D74A00BCCFE2 /* WhzxSwiftProjectUITests.swift */; };
		BFA6ACBC252331CB00CCA894 /* ZXKLoginVC.swift in Sources */ = {isa = PBXBuildFile; fileRef = BFA6ACBA252331CB00CCA894 /* ZXKLoginVC.swift */; };
		BFA6ACBD252331CB00CCA894 /* ZXKLoginVC.xib in Resources */ = {isa = PBXBuildFile; fileRef = BFA6ACBB252331CB00CCA894 /* ZXKLoginVC.xib */; };
		BFFF44C52521DF3400B40DFF /* MainTabBarController.swift in Sources */ = {isa = PBXBuildFile; fileRef = BFFF44C42521DF3300B40DFF /* MainTabBarController.swift */; };
		BFFF44D72521E25300B40DFF /* ZXKFindVC.swift in Sources */ = {isa = PBXBuildFile; fileRef = BFFF44D62521E25300B40DFF /* ZXKFindVC.swift */; };
		BFFF44DC2521E26300B40DFF /* ZXKClassroomVC.swift in Sources */ = {isa = PBXBuildFile; fileRef = BFFF44DB2521E26300B40DFF /* ZXKClassroomVC.swift */; };
/* End PBXBuildFile section */

/* Begin PBXContainerItemProxy section */
		BF63470B2521D74A00BCCFE2 /* PBXContainerItemProxy */ = {
			isa = PBXContainerItemProxy;
			containerPortal = BF6346EC2521D74700BCCFE2 /* Project object */;
			proxyType = 1;
			remoteGlobalIDString = BF6346F32521D74700BCCFE2;
			remoteInfo = WhzxSwiftProject;
		};
		BF6347162521D74A00BCCFE2 /* PBXContainerItemProxy */ = {
			isa = PBXContainerItemProxy;
			containerPortal = BF6346EC2521D74700BCCFE2 /* Project object */;
			proxyType = 1;
			remoteGlobalIDString = BF6346F32521D74700BCCFE2;
			remoteInfo = WhzxSwiftProject;
		};
/* End PBXContainerItemProxy section */

/* Begin PBXFileReference section */
		9AEA03C24FA310163F99FEFB /* Pods-WhzxSwiftProject.debug.xcconfig */ = {isa = PBXFileReference; includeInIndex = 1; lastKnownFileType = text.xcconfig; name = "Pods-WhzxSwiftProject.debug.xcconfig"; path = "Target Support Files/Pods-WhzxSwiftProject/Pods-WhzxSwiftProject.debug.xcconfig"; sourceTree = "<group>"; };
		AD2E17E9477982CAC4E0A907 /* Pods-WhzxSwiftProject.release.xcconfig */ = {isa = PBXFileReference; includeInIndex = 1; lastKnownFileType = text.xcconfig; name = "Pods-WhzxSwiftProject.release.xcconfig"; path = "Target Support Files/Pods-WhzxSwiftProject/Pods-WhzxSwiftProject.release.xcconfig"; sourceTree = "<group>"; };
		BF0987D125315F4F00D4BB9C /* ZXKNetworking.swift */ = {isa = PBXFileReference; lastKnownFileType = sourcecode.swift; path = ZXKNetworking.swift; sourceTree = "<group>"; };
		BF50AB2C25300F4B004CC7D8 /* ZXKNetworkMacro.swift */ = {isa = PBXFileReference; lastKnownFileType = sourcecode.swift; path = ZXKNetworkMacro.swift; sourceTree = "<group>"; };
		BF6346F42521D74700BCCFE2 /* WhzxSwiftProject.app */ = {isa = PBXFileReference; explicitFileType = wrapper.application; includeInIndex = 0; path = WhzxSwiftProject.app; sourceTree = BUILT_PRODUCTS_DIR; };
		BF6346F72521D74700BCCFE2 /* AppDelegate.swift */ = {isa = PBXFileReference; lastKnownFileType = sourcecode.swift; path = AppDelegate.swift; sourceTree = "<group>"; };
		BF6346FE2521D74700BCCFE2 /* Base */ = {isa = PBXFileReference; lastKnownFileType = file.storyboard; name = Base; path = Base.lproj/Main.storyboard; sourceTree = "<group>"; };
		BF6347002521D74A00BCCFE2 /* Assets.xcassets */ = {isa = PBXFileReference; lastKnownFileType = folder.assetcatalog; path = Assets.xcassets; sourceTree = "<group>"; };
		BF6347032521D74A00BCCFE2 /* Base */ = {isa = PBXFileReference; lastKnownFileType = file.storyboard; name = Base; path = Base.lproj/LaunchScreen.storyboard; sourceTree = "<group>"; };
		BF6347052521D74A00BCCFE2 /* Info.plist */ = {isa = PBXFileReference; lastKnownFileType = text.plist.xml; path = Info.plist; sourceTree = "<group>"; };
		BF63470A2521D74A00BCCFE2 /* WhzxSwiftProjectTests.xctest */ = {isa = PBXFileReference; explicitFileType = wrapper.cfbundle; includeInIndex = 0; path = WhzxSwiftProjectTests.xctest; sourceTree = BUILT_PRODUCTS_DIR; };
		BF63470E2521D74A00BCCFE2 /* WhzxSwiftProjectTests.swift */ = {isa = PBXFileReference; lastKnownFileType = sourcecode.swift; path = WhzxSwiftProjectTests.swift; sourceTree = "<group>"; };
		BF6347102521D74A00BCCFE2 /* Info.plist */ = {isa = PBXFileReference; lastKnownFileType = text.plist.xml; path = Info.plist; sourceTree = "<group>"; };
		BF6347152521D74A00BCCFE2 /* WhzxSwiftProjectUITests.xctest */ = {isa = PBXFileReference; explicitFileType = wrapper.cfbundle; includeInIndex = 0; path = WhzxSwiftProjectUITests.xctest; sourceTree = BUILT_PRODUCTS_DIR; };
		BF6347192521D74A00BCCFE2 /* WhzxSwiftProjectUITests.swift */ = {isa = PBXFileReference; lastKnownFileType = sourcecode.swift; path = WhzxSwiftProjectUITests.swift; sourceTree = "<group>"; };
		BF63471B2521D74A00BCCFE2 /* Info.plist */ = {isa = PBXFileReference; lastKnownFileType = text.plist.xml; path = Info.plist; sourceTree = "<group>"; };
		BFA6ACBA252331CB00CCA894 /* ZXKLoginVC.swift */ = {isa = PBXFileReference; lastKnownFileType = sourcecode.swift; path = ZXKLoginVC.swift; sourceTree = "<group>"; };
		BFA6ACBB252331CB00CCA894 /* ZXKLoginVC.xib */ = {isa = PBXFileReference; lastKnownFileType = file.xib; path = ZXKLoginVC.xib; sourceTree = "<group>"; };
		BFFF44C42521DF3300B40DFF /* MainTabBarController.swift */ = {isa = PBXFileReference; lastKnownFileType = sourcecode.swift; path = MainTabBarController.swift; sourceTree = "<group>"; };
		BFFF44D62521E25300B40DFF /* ZXKFindVC.swift */ = {isa = PBXFileReference; lastKnownFileType = sourcecode.swift; path = ZXKFindVC.swift; sourceTree = "<group>"; };
		BFFF44DB2521E26300B40DFF /* ZXKClassroomVC.swift */ = {isa = PBXFileReference; lastKnownFileType = sourcecode.swift; path = ZXKClassroomVC.swift; sourceTree = "<group>"; };
		E879667B627EF2DD2888985A /* Pods_WhzxSwiftProject.framework */ = {isa = PBXFileReference; explicitFileType = wrapper.framework; includeInIndex = 0; path = Pods_WhzxSwiftProject.framework; sourceTree = BUILT_PRODUCTS_DIR; };
/* End PBXFileReference section */

/* Begin PBXFrameworksBuildPhase section */
		BF6346F12521D74700BCCFE2 /* Frameworks */ = {
			isa = PBXFrameworksBuildPhase;
			buildActionMask = 2147483647;
			files = (
				08B09ADD573EFD60F4D045EB /* Pods_WhzxSwiftProject.framework in Frameworks */,
			);
			runOnlyForDeploymentPostprocessing = 0;
		};
		BF6347072521D74A00BCCFE2 /* Frameworks */ = {
			isa = PBXFrameworksBuildPhase;
			buildActionMask = 2147483647;
			files = (
			);
			runOnlyForDeploymentPostprocessing = 0;
		};
		BF6347122521D74A00BCCFE2 /* Frameworks */ = {
			isa = PBXFrameworksBuildPhase;
			buildActionMask = 2147483647;
			files = (
			);
			runOnlyForDeploymentPostprocessing = 0;
		};
/* End PBXFrameworksBuildPhase section */

/* Begin PBXGroup section */
		923688F8DD27254E0680B0B4 /* Frameworks */ = {
			isa = PBXGroup;
			children = (
				E879667B627EF2DD2888985A /* Pods_WhzxSwiftProject.framework */,
			);
			name = Frameworks;
			sourceTree = "<group>";
		};
		BF0987D025315DED00D4BB9C /* Network */ = {
			isa = PBXGroup;
			children = (
				BF0987D125315F4F00D4BB9C /* ZXKNetworking.swift */,
			);
			path = Network;
			sourceTree = "<group>";
		};
		BF484C1D25383ED1005069C9 /* Base */ = {
			isa = PBXGroup;
			children = (
			);
			path = Base;
			sourceTree = "<group>";
		};
		BF50AB1C25300DEB004CC7D8 /* Expand */ = {
			isa = PBXGroup;
			children = (
				BF0987D025315DED00D4BB9C /* Network */,
				BF50AB1D25300DF7004CC7D8 /* Macro */,
			);
			path = Expand;
			sourceTree = "<group>";
		};
		BF50AB1D25300DF7004CC7D8 /* Macro */ = {
			isa = PBXGroup;
			children = (
				BF50AB2C25300F4B004CC7D8 /* ZXKNetworkMacro.swift */,
			);
			path = Macro;
			sourceTree = "<group>";
		};
		BF6346EB2521D74700BCCFE2 = {
			isa = PBXGroup;
			children = (
				BF6346F62521D74700BCCFE2 /* WhzxSwiftProject */,
				BF63470D2521D74A00BCCFE2 /* WhzxSwiftProjectTests */,
				BF6347182521D74A00BCCFE2 /* WhzxSwiftProjectUITests */,
				BF6346F52521D74700BCCFE2 /* Products */,
				D90B97CED8A7B981E9524057 /* Pods */,
				923688F8DD27254E0680B0B4 /* Frameworks */,
			);
			sourceTree = "<group>";
		};
		BF6346F52521D74700BCCFE2 /* Products */ = {
			isa = PBXGroup;
			children = (
				BF6346F42521D74700BCCFE2 /* WhzxSwiftProject.app */,
				BF63470A2521D74A00BCCFE2 /* WhzxSwiftProjectTests.xctest */,
				BF6347152521D74A00BCCFE2 /* WhzxSwiftProjectUITests.xctest */,
			);
			name = Products;
			sourceTree = "<group>";
		};
		BF6346F62521D74700BCCFE2 /* WhzxSwiftProject */ = {
			isa = PBXGroup;
			children = (
				BF6346F72521D74700BCCFE2 /* AppDelegate.swift */,
				BFFF44C42521DF3300B40DFF /* MainTabBarController.swift */,
				BFFF44D62521E25300B40DFF /* ZXKFindVC.swift */,
				BFFF44DB2521E26300B40DFF /* ZXKClassroomVC.swift */,
				BFA6ACBA252331CB00CCA894 /* ZXKLoginVC.swift */,
				BFA6ACBB252331CB00CCA894 /* ZXKLoginVC.xib */,
				BF484C1D25383ED1005069C9 /* Base */,
				BF50AB1C25300DEB004CC7D8 /* Expand */,
				BF6346FD2521D74700BCCFE2 /* Main.storyboard */,
				BF6347002521D74A00BCCFE2 /* Assets.xcassets */,
				BF6347022521D74A00BCCFE2 /* LaunchScreen.storyboard */,
				BF6347052521D74A00BCCFE2 /* Info.plist */,
			);
			path = WhzxSwiftProject;
			sourceTree = "<group>";
		};
		BF63470D2521D74A00BCCFE2 /* WhzxSwiftProjectTests */ = {
			isa = PBXGroup;
			children = (
				BF63470E2521D74A00BCCFE2 /* WhzxSwiftProjectTests.swift */,
				BF6347102521D74A00BCCFE2 /* Info.plist */,
			);
			path = WhzxSwiftProjectTests;
			sourceTree = "<group>";
		};
		BF6347182521D74A00BCCFE2 /* WhzxSwiftProjectUITests */ = {
			isa = PBXGroup;
			children = (
				BF6347192521D74A00BCCFE2 /* WhzxSwiftProjectUITests.swift */,
				BF63471B2521D74A00BCCFE2 /* Info.plist */,
			);
			path = WhzxSwiftProjectUITests;
			sourceTree = "<group>";
		};
		D90B97CED8A7B981E9524057 /* Pods */ = {
			isa = PBXGroup;
			children = (
				9AEA03C24FA310163F99FEFB /* Pods-WhzxSwiftProject.debug.xcconfig */,
				AD2E17E9477982CAC4E0A907 /* Pods-WhzxSwiftProject.release.xcconfig */,
			);
			path = Pods;
			sourceTree = "<group>";
		};
/* End PBXGroup section */

/* Begin PBXNativeTarget section */
		BF6346F32521D74700BCCFE2 /* WhzxSwiftProject */ = {
			isa = PBXNativeTarget;
			buildConfigurationList = BF63471E2521D74A00BCCFE2 /* Build configuration list for PBXNativeTarget "WhzxSwiftProject" */;
			buildPhases = (
				2136529721112B768D1BC7CF /* [CP] Check Pods Manifest.lock */,
				BF6346F02521D74700BCCFE2 /* Sources */,
				BF6346F12521D74700BCCFE2 /* Frameworks */,
				BF6346F22521D74700BCCFE2 /* Resources */,
				EE664F73BF7756180C96F5C7 /* [CP] Embed Pods Frameworks */,
			);
			buildRules = (
			);
			dependencies = (
			);
			name = WhzxSwiftProject;
			productName = WhzxSwiftProject;
			productReference = BF6346F42521D74700BCCFE2 /* WhzxSwiftProject.app */;
			productType = "com.apple.product-type.application";
		};
		BF6347092521D74A00BCCFE2 /* WhzxSwiftProjectTests */ = {
			isa = PBXNativeTarget;
			buildConfigurationList = BF6347212521D74A00BCCFE2 /* Build configuration list for PBXNativeTarget "WhzxSwiftProjectTests" */;
			buildPhases = (
				BF6347062521D74A00BCCFE2 /* Sources */,
				BF6347072521D74A00BCCFE2 /* Frameworks */,
				BF6347082521D74A00BCCFE2 /* Resources */,
			);
			buildRules = (
			);
			dependencies = (
				BF63470C2521D74A00BCCFE2 /* PBXTargetDependency */,
			);
			name = WhzxSwiftProjectTests;
			productName = WhzxSwiftProjectTests;
			productReference = BF63470A2521D74A00BCCFE2 /* WhzxSwiftProjectTests.xctest */;
			productType = "com.apple.product-type.bundle.unit-test";
		};
		BF6347142521D74A00BCCFE2 /* WhzxSwiftProjectUITests */ = {
			isa = PBXNativeTarget;
			buildConfigurationList = BF6347242521D74A00BCCFE2 /* Build configuration list for PBXNativeTarget "WhzxSwiftProjectUITests" */;
			buildPhases = (
				BF6347112521D74A00BCCFE2 /* Sources */,
				BF6347122521D74A00BCCFE2 /* Frameworks */,
				BF6347132521D74A00BCCFE2 /* Resources */,
			);
			buildRules = (
			);
			dependencies = (
				BF6347172521D74A00BCCFE2 /* PBXTargetDependency */,
			);
			name = WhzxSwiftProjectUITests;
			productName = WhzxSwiftProjectUITests;
			productReference = BF6347152521D74A00BCCFE2 /* WhzxSwiftProjectUITests.xctest */;
			productType = "com.apple.product-type.bundle.ui-testing";
		};
/* End PBXNativeTarget section */

/* Begin PBXProject section */
		BF6346EC2521D74700BCCFE2 /* Project object */ = {
			isa = PBXProject;
			attributes = {
				LastSwiftUpdateCheck = 1200;
				LastUpgradeCheck = 1200;
				TargetAttributes = {
					BF6346F32521D74700BCCFE2 = {
						CreatedOnToolsVersion = 12.0;
					};
					BF6347092521D74A00BCCFE2 = {
						CreatedOnToolsVersion = 12.0;
						TestTargetID = BF6346F32521D74700BCCFE2;
					};
					BF6347142521D74A00BCCFE2 = {
						CreatedOnToolsVersion = 12.0;
						TestTargetID = BF6346F32521D74700BCCFE2;
					};
				};
			};
			buildConfigurationList = BF6346EF2521D74700BCCFE2 /* Build configuration list for PBXProject "WhzxSwiftProject" */;
			compatibilityVersion = "Xcode 9.3";
			developmentRegion = en;
			hasScannedForEncodings = 0;
			knownRegions = (
				en,
				Base,
			);
			mainGroup = BF6346EB2521D74700BCCFE2;
			productRefGroup = BF6346F52521D74700BCCFE2 /* Products */;
			projectDirPath = "";
			projectRoot = "";
			targets = (
				BF6346F32521D74700BCCFE2 /* WhzxSwiftProject */,
				BF6347092521D74A00BCCFE2 /* WhzxSwiftProjectTests */,
				BF6347142521D74A00BCCFE2 /* WhzxSwiftProjectUITests */,
			);
		};
/* End PBXProject section */

/* Begin PBXResourcesBuildPhase section */
		BF6346F22521D74700BCCFE2 /* Resources */ = {
			isa = PBXResourcesBuildPhase;
			buildActionMask = 2147483647;
			files = (
				BF6347042521D74A00BCCFE2 /* LaunchScreen.storyboard in Resources */,
				BF6347012521D74A00BCCFE2 /* Assets.xcassets in Resources */,
				BFA6ACBD252331CB00CCA894 /* ZXKLoginVC.xib in Resources */,
				BF6346FF2521D74700BCCFE2 /* Main.storyboard in Resources */,
			);
			runOnlyForDeploymentPostprocessing = 0;
		};
		BF6347082521D74A00BCCFE2 /* Resources */ = {
			isa = PBXResourcesBuildPhase;
			buildActionMask = 2147483647;
			files = (
			);
			runOnlyForDeploymentPostprocessing = 0;
		};
		BF6347132521D74A00BCCFE2 /* Resources */ = {
			isa = PBXResourcesBuildPhase;
			buildActionMask = 2147483647;
			files = (
			);
			runOnlyForDeploymentPostprocessing = 0;
		};
/* End PBXResourcesBuildPhase section */

/* Begin PBXShellScriptBuildPhase section */
		2136529721112B768D1BC7CF /* [CP] Check Pods Manifest.lock */ = {
			isa = PBXShellScriptBuildPhase;
			buildActionMask = 2147483647;
			files = (
			);
			inputFileListPaths = (
			);
			inputPaths = (
				"${PODS_PODFILE_DIR_PATH}/Podfile.lock",
				"${PODS_ROOT}/Manifest.lock",
			);
			name = "[CP] Check Pods Manifest.lock";
			outputFileListPaths = (
			);
			outputPaths = (
				"$(DERIVED_FILE_DIR)/Pods-WhzxSwiftProject-checkManifestLockResult.txt",
			);
			runOnlyForDeploymentPostprocessing = 0;
			shellPath = /bin/sh;
			shellScript = "diff \"${PODS_PODFILE_DIR_PATH}/Podfile.lock\" \"${PODS_ROOT}/Manifest.lock\" > /dev/null\nif [ $? != 0 ] ; then\n    # print error to STDERR\n    echo \"error: The sandbox is not in sync with the Podfile.lock. Run 'pod install' or update your CocoaPods installation.\" >&2\n    exit 1\nfi\n# This output is used by Xcode 'outputs' to avoid re-running this script phase.\necho \"SUCCESS\" > \"${SCRIPT_OUTPUT_FILE_0}\"\n";
			showEnvVarsInLog = 0;
		};
		EE664F73BF7756180C96F5C7 /* [CP] Embed Pods Frameworks */ = {
			isa = PBXShellScriptBuildPhase;
			buildActionMask = 2147483647;
			files = (
			);
			inputFileListPaths = (
				"${PODS_ROOT}/Target Support Files/Pods-WhzxSwiftProject/Pods-WhzxSwiftProject-frameworks-${CONFIGURATION}-input-files.xcfilelist",
			);
			name = "[CP] Embed Pods Frameworks";
			outputFileListPaths = (
				"${PODS_ROOT}/Target Support Files/Pods-WhzxSwiftProject/Pods-WhzxSwiftProject-frameworks-${CONFIGURATION}-output-files.xcfilelist",
			);
			runOnlyForDeploymentPostprocessing = 0;
			shellPath = /bin/sh;
			shellScript = "\"${PODS_ROOT}/Target Support Files/Pods-WhzxSwiftProject/Pods-WhzxSwiftProject-frameworks.sh\"\n";
			showEnvVarsInLog = 0;
		};
/* End PBXShellScriptBuildPhase section */

/* Begin PBXSourcesBuildPhase section */
		BF6346F02521D74700BCCFE2 /* Sources */ = {
			isa = PBXSourcesBuildPhase;
			buildActionMask = 2147483647;
			files = (
				BFFF44DC2521E26300B40DFF /* ZXKClassroomVC.swift in Sources */,
				BFFF44D72521E25300B40DFF /* ZXKFindVC.swift in Sources */,
				BFA6ACBC252331CB00CCA894 /* ZXKLoginVC.swift in Sources */,
				BF6346F82521D74700BCCFE2 /* AppDelegate.swift in Sources */,
				BFFF44C52521DF3400B40DFF /* MainTabBarController.swift in Sources */,
				BF50AB2D25300F4B004CC7D8 /* ZXKNetworkMacro.swift in Sources */,
				BF0987D225315F4F00D4BB9C /* ZXKNetworking.swift in Sources */,
			);
			runOnlyForDeploymentPostprocessing = 0;
		};
		BF6347062521D74A00BCCFE2 /* Sources */ = {
			isa = PBXSourcesBuildPhase;
			buildActionMask = 2147483647;
			files = (
				BF63470F2521D74A00BCCFE2 /* WhzxSwiftProjectTests.swift in Sources */,
			);
			runOnlyForDeploymentPostprocessing = 0;
		};
		BF6347112521D74A00BCCFE2 /* Sources */ = {
			isa = PBXSourcesBuildPhase;
			buildActionMask = 2147483647;
			files = (
				BF63471A2521D74A00BCCFE2 /* WhzxSwiftProjectUITests.swift in Sources */,
			);
			runOnlyForDeploymentPostprocessing = 0;
		};
/* End PBXSourcesBuildPhase section */

/* Begin PBXTargetDependency section */
		BF63470C2521D74A00BCCFE2 /* PBXTargetDependency */ = {
			isa = PBXTargetDependency;
			target = BF6346F32521D74700BCCFE2 /* WhzxSwiftProject */;
			targetProxy = BF63470B2521D74A00BCCFE2 /* PBXContainerItemProxy */;
		};
		BF6347172521D74A00BCCFE2 /* PBXTargetDependency */ = {
			isa = PBXTargetDependency;
			target = BF6346F32521D74700BCCFE2 /* WhzxSwiftProject */;
			targetProxy = BF6347162521D74A00BCCFE2 /* PBXContainerItemProxy */;
		};
/* End PBXTargetDependency section */

/* Begin PBXVariantGroup section */
		BF6346FD2521D74700BCCFE2 /* Main.storyboard */ = {
			isa = PBXVariantGroup;
			children = (
				BF6346FE2521D74700BCCFE2 /* Base */,
			);
			name = Main.storyboard;
			sourceTree = "<group>";
		};
		BF6347022521D74A00BCCFE2 /* LaunchScreen.storyboard */ = {
			isa = PBXVariantGroup;
			children = (
				BF6347032521D74A00BCCFE2 /* Base */,
			);
			name = LaunchScreen.storyboard;
			sourceTree = "<group>";
		};
/* End PBXVariantGroup section */

/* Begin XCBuildConfiguration section */
		BF63471C2521D74A00BCCFE2 /* Debug */ = {
			isa = XCBuildConfiguration;
			buildSettings = {
				ALWAYS_SEARCH_USER_PATHS = NO;
				CLANG_ANALYZER_NONNULL = YES;
				CLANG_ANALYZER_NUMBER_OBJECT_CONVERSION = YES_AGGRESSIVE;
				CLANG_CXX_LANGUAGE_STANDARD = "gnu++14";
				CLANG_CXX_LIBRARY = "libc++";
				CLANG_ENABLE_MODULES = YES;
				CLANG_ENABLE_OBJC_ARC = YES;
				CLANG_ENABLE_OBJC_WEAK = YES;
				CLANG_WARN_BLOCK_CAPTURE_AUTORELEASING = YES;
				CLANG_WARN_BOOL_CONVERSION = YES;
				CLANG_WARN_COMMA = YES;
				CLANG_WARN_CONSTANT_CONVERSION = YES;
				CLANG_WARN_DEPRECATED_OBJC_IMPLEMENTATIONS = YES;
				CLANG_WARN_DIRECT_OBJC_ISA_USAGE = YES_ERROR;
				CLANG_WARN_DOCUMENTATION_COMMENTS = YES;
				CLANG_WARN_EMPTY_BODY = YES;
				CLANG_WARN_ENUM_CONVERSION = YES;
				CLANG_WARN_INFINITE_RECURSION = YES;
				CLANG_WARN_INT_CONVERSION = YES;
				CLANG_WARN_NON_LITERAL_NULL_CONVERSION = YES;
				CLANG_WARN_OBJC_IMPLICIT_RETAIN_SELF = YES;
				CLANG_WARN_OBJC_LITERAL_CONVERSION = YES;
				CLANG_WARN_OBJC_ROOT_CLASS = YES_ERROR;
				CLANG_WARN_QUOTED_INCLUDE_IN_FRAMEWORK_HEADER = YES;
				CLANG_WARN_RANGE_LOOP_ANALYSIS = YES;
				CLANG_WARN_STRICT_PROTOTYPES = YES;
				CLANG_WARN_SUSPICIOUS_MOVE = YES;
				CLANG_WARN_UNGUARDED_AVAILABILITY = YES_AGGRESSIVE;
				CLANG_WARN_UNREACHABLE_CODE = YES;
				CLANG_WARN__DUPLICATE_METHOD_MATCH = YES;
				COPY_PHASE_STRIP = NO;
				DEBUG_INFORMATION_FORMAT = dwarf;
				ENABLE_STRICT_OBJC_MSGSEND = YES;
				ENABLE_TESTABILITY = YES;
				GCC_C_LANGUAGE_STANDARD = gnu11;
				GCC_DYNAMIC_NO_PIC = NO;
				GCC_NO_COMMON_BLOCKS = YES;
				GCC_OPTIMIZATION_LEVEL = 0;
				GCC_PREPROCESSOR_DEFINITIONS = (
					"DEBUG=1",
					"$(inherited)",
				);
				GCC_WARN_64_TO_32_BIT_CONVERSION = YES;
				GCC_WARN_ABOUT_RETURN_TYPE = YES_ERROR;
				GCC_WARN_UNDECLARED_SELECTOR = YES;
				GCC_WARN_UNINITIALIZED_AUTOS = YES_AGGRESSIVE;
				GCC_WARN_UNUSED_FUNCTION = YES;
				GCC_WARN_UNUSED_VARIABLE = YES;
				IPHONEOS_DEPLOYMENT_TARGET = 14.0;
				MTL_ENABLE_DEBUG_INFO = INCLUDE_SOURCE;
				MTL_FAST_MATH = YES;
				ONLY_ACTIVE_ARCH = YES;
				SDKROOT = iphoneos;
				SWIFT_ACTIVE_COMPILATION_CONDITIONS = DEBUG;
				SWIFT_OPTIMIZATION_LEVEL = "-Onone";
			};
			name = Debug;
		};
		BF63471D2521D74A00BCCFE2 /* Release */ = {
			isa = XCBuildConfiguration;
			buildSettings = {
				ALWAYS_SEARCH_USER_PATHS = NO;
				CLANG_ANALYZER_NONNULL = YES;
				CLANG_ANALYZER_NUMBER_OBJECT_CONVERSION = YES_AGGRESSIVE;
				CLANG_CXX_LANGUAGE_STANDARD = "gnu++14";
				CLANG_CXX_LIBRARY = "libc++";
				CLANG_ENABLE_MODULES = YES;
				CLANG_ENABLE_OBJC_ARC = YES;
				CLANG_ENABLE_OBJC_WEAK = YES;
				CLANG_WARN_BLOCK_CAPTURE_AUTORELEASING = YES;
				CLANG_WARN_BOOL_CONVERSION = YES;
				CLANG_WARN_COMMA = YES;
				CLANG_WARN_CONSTANT_CONVERSION = YES;
				CLANG_WARN_DEPRECATED_OBJC_IMPLEMENTATIONS = YES;
				CLANG_WARN_DIRECT_OBJC_ISA_USAGE = YES_ERROR;
				CLANG_WARN_DOCUMENTATION_COMMENTS = YES;
				CLANG_WARN_EMPTY_BODY = YES;
				CLANG_WARN_ENUM_CONVERSION = YES;
				CLANG_WARN_INFINITE_RECURSION = YES;
				CLANG_WARN_INT_CONVERSION = YES;
				CLANG_WARN_NON_LITERAL_NULL_CONVERSION = YES;
				CLANG_WARN_OBJC_IMPLICIT_RETAIN_SELF = YES;
				CLANG_WARN_OBJC_LITERAL_CONVERSION = YES;
				CLANG_WARN_OBJC_ROOT_CLASS = YES_ERROR;
				CLANG_WARN_QUOTED_INCLUDE_IN_FRAMEWORK_HEADER = YES;
				CLANG_WARN_RANGE_LOOP_ANALYSIS = YES;
				CLANG_WARN_STRICT_PROTOTYPES = YES;
				CLANG_WARN_SUSPICIOUS_MOVE = YES;
				CLANG_WARN_UNGUARDED_AVAILABILITY = YES_AGGRESSIVE;
				CLANG_WARN_UNREACHABLE_CODE = YES;
				CLANG_WARN__DUPLICATE_METHOD_MATCH = YES;
				COPY_PHASE_STRIP = NO;
				DEBUG_INFORMATION_FORMAT = "dwarf-with-dsym";
				ENABLE_NS_ASSERTIONS = NO;
				ENABLE_STRICT_OBJC_MSGSEND = YES;
				GCC_C_LANGUAGE_STANDARD = gnu11;
				GCC_NO_COMMON_BLOCKS = YES;
				GCC_WARN_64_TO_32_BIT_CONVERSION = YES;
				GCC_WARN_ABOUT_RETURN_TYPE = YES_ERROR;
				GCC_WARN_UNDECLARED_SELECTOR = YES;
				GCC_WARN_UNINITIALIZED_AUTOS = YES_AGGRESSIVE;
				GCC_WARN_UNUSED_FUNCTION = YES;
				GCC_WARN_UNUSED_VARIABLE = YES;
				IPHONEOS_DEPLOYMENT_TARGET = 14.0;
				MTL_ENABLE_DEBUG_INFO = NO;
				MTL_FAST_MATH = YES;
				SDKROOT = iphoneos;
				SWIFT_COMPILATION_MODE = wholemodule;
				SWIFT_OPTIMIZATION_LEVEL = "-O";
				VALIDATE_PRODUCT = YES;
			};
			name = Release;
		};
		BF63471F2521D74A00BCCFE2 /* Debug */ = {
			isa = XCBuildConfiguration;
			baseConfigurationReference = 9AEA03C24FA310163F99FEFB /* Pods-WhzxSwiftProject.debug.xcconfig */;
			buildSettings = {
				ASSETCATALOG_COMPILER_APPICON_NAME = AppIcon;
				ASSETCATALOG_COMPILER_GLOBAL_ACCENT_COLOR_NAME = AccentColor;
				CODE_SIGN_STYLE = Automatic;
				DEVELOPMENT_TEAM = LS467U4FG5;
				INFOPLIST_FILE = WhzxSwiftProject/Info.plist;
				LD_RUNPATH_SEARCH_PATHS = (
					"$(inherited)",
					"@executable_path/Frameworks",
				);
				PRODUCT_BUNDLE_IDENTIFIER = com.zhixueku.whzx.WhzxSwiftProject;
				PRODUCT_NAME = "$(TARGET_NAME)";
				SWIFT_VERSION = 5.0;
				TARGETED_DEVICE_FAMILY = "1,2";
			};
			name = Debug;
		};
		BF6347202521D74A00BCCFE2 /* Release */ = {
			isa = XCBuildConfiguration;
			baseConfigurationReference = AD2E17E9477982CAC4E0A907 /* Pods-WhzxSwiftProject.release.xcconfig */;
			buildSettings = {
				ASSETCATALOG_COMPILER_APPICON_NAME = AppIcon;
				ASSETCATALOG_COMPILER_GLOBAL_ACCENT_COLOR_NAME = AccentColor;
				CODE_SIGN_STYLE = Automatic;
				DEVELOPMENT_TEAM = LS467U4FG5;
				INFOPLIST_FILE = WhzxSwiftProject/Info.plist;
				LD_RUNPATH_SEARCH_PATHS = (
					"$(inherited)",
					"@executable_path/Frameworks",
				);
				PRODUCT_BUNDLE_IDENTIFIER = com.zhixueku.whzx.WhzxSwiftProject;
				PRODUCT_NAME = "$(TARGET_NAME)";
				SWIFT_VERSION = 5.0;
				TARGETED_DEVICE_FAMILY = "1,2";
			};
			name = Release;
		};
		BF6347222521D74A00BCCFE2 /* Debug */ = {
			isa = XCBuildConfiguration;
			buildSettings = {
				ALWAYS_EMBED_SWIFT_STANDARD_LIBRARIES = YES;
				BUNDLE_LOADER = "$(TEST_HOST)";
				CODE_SIGN_STYLE = Automatic;
				DEVELOPMENT_TEAM = LS467U4FG5;
				INFOPLIST_FILE = WhzxSwiftProjectTests/Info.plist;
				IPHONEOS_DEPLOYMENT_TARGET = 14.0;
				LD_RUNPATH_SEARCH_PATHS = (
					"$(inherited)",
					"@executable_path/Frameworks",
					"@loader_path/Frameworks",
				);
				PRODUCT_BUNDLE_IDENTIFIER = com.zhixueku.whzx.WhzxSwiftProjectTests;
				PRODUCT_NAME = "$(TARGET_NAME)";
				SWIFT_VERSION = 5.0;
				TARGETED_DEVICE_FAMILY = "1,2";
				TEST_HOST = "$(BUILT_PRODUCTS_DIR)/WhzxSwiftProject.app/WhzxSwiftProject";
			};
			name = Debug;
		};
		BF6347232521D74A00BCCFE2 /* Release */ = {
			isa = XCBuildConfiguration;
			buildSettings = {
				ALWAYS_EMBED_SWIFT_STANDARD_LIBRARIES = YES;
				BUNDLE_LOADER = "$(TEST_HOST)";
				CODE_SIGN_STYLE = Automatic;
				DEVELOPMENT_TEAM = LS467U4FG5;
				INFOPLIST_FILE = WhzxSwiftProjectTests/Info.plist;
				IPHONEOS_DEPLOYMENT_TARGET = 14.0;
				LD_RUNPATH_SEARCH_PATHS = (
					"$(inherited)",
					"@executable_path/Frameworks",
					"@loader_path/Frameworks",
				);
				PRODUCT_BUNDLE_IDENTIFIER = com.zhixueku.whzx.WhzxSwiftProjectTests;
				PRODUCT_NAME = "$(TARGET_NAME)";
				SWIFT_VERSION = 5.0;
				TARGETED_DEVICE_FAMILY = "1,2";
				TEST_HOST = "$(BUILT_PRODUCTS_DIR)/WhzxSwiftProject.app/WhzxSwiftProject";
			};
			name = Release;
		};
		BF6347252521D74A00BCCFE2 /* Debug */ = {
			isa = XCBuildConfiguration;
			buildSettings = {
				ALWAYS_EMBED_SWIFT_STANDARD_LIBRARIES = YES;
				CODE_SIGN_STYLE = Automatic;
				DEVELOPMENT_TEAM = LS467U4FG5;
				INFOPLIST_FILE = WhzxSwiftProjectUITests/Info.plist;
				LD_RUNPATH_SEARCH_PATHS = (
					"$(inherited)",
					"@executable_path/Frameworks",
					"@loader_path/Frameworks",
				);
				PRODUCT_BUNDLE_IDENTIFIER = com.zhixueku.whzx.WhzxSwiftProjectUITests;
				PRODUCT_NAME = "$(TARGET_NAME)";
				SWIFT_VERSION = 5.0;
				TARGETED_DEVICE_FAMILY = "1,2";
				TEST_TARGET_NAME = WhzxSwiftProject;
			};
			name = Debug;
		};
		BF6347262521D74A00BCCFE2 /* Release */ = {
			isa = XCBuildConfiguration;
			buildSettings = {
				ALWAYS_EMBED_SWIFT_STANDARD_LIBRARIES = YES;
				CODE_SIGN_STYLE = Automatic;
				DEVELOPMENT_TEAM = LS467U4FG5;
				INFOPLIST_FILE = WhzxSwiftProjectUITests/Info.plist;
				LD_RUNPATH_SEARCH_PATHS = (
					"$(inherited)",
					"@executable_path/Frameworks",
					"@loader_path/Frameworks",
				);
				PRODUCT_BUNDLE_IDENTIFIER = com.zhixueku.whzx.WhzxSwiftProjectUITests;
				PRODUCT_NAME = "$(TARGET_NAME)";
				SWIFT_VERSION = 5.0;
				TARGETED_DEVICE_FAMILY = "1,2";
				TEST_TARGET_NAME = WhzxSwiftProject;
			};
			name = Release;
		};
/* End XCBuildConfiguration section */

/* Begin XCConfigurationList section */
		BF6346EF2521D74700BCCFE2 /* Build configuration list for PBXProject "WhzxSwiftProject" */ = {
			isa = XCConfigurationList;
			buildConfigurations = (
				BF63471C2521D74A00BCCFE2 /* Debug */,
				BF63471D2521D74A00BCCFE2 /* Release */,
			);
			defaultConfigurationIsVisible = 0;
			defaultConfigurationName = Release;
		};
		BF63471E2521D74A00BCCFE2 /* Build configuration list for PBXNativeTarget "WhzxSwiftProject" */ = {
			isa = XCConfigurationList;
			buildConfigurations = (
				BF63471F2521D74A00BCCFE2 /* Debug */,
				BF6347202521D74A00BCCFE2 /* Release */,
			);
			defaultConfigurationIsVisible = 0;
			defaultConfigurationName = Release;
		};
		BF6347212521D74A00BCCFE2 /* Build configuration list for PBXNativeTarget "WhzxSwiftProjectTests" */ = {
			isa = XCConfigurationList;
			buildConfigurations = (
				BF6347222521D74A00BCCFE2 /* Debug */,
				BF6347232521D74A00BCCFE2 /* Release */,
			);
			defaultConfigurationIsVisible = 0;
			defaultConfigurationName = Release;
		};
		BF6347242521D74A00BCCFE2 /* Build configuration list for PBXNativeTarget "WhzxSwiftProjectUITests" */ = {
			isa = XCConfigurationList;
			buildConfigurations = (
				BF6347252521D74A00BCCFE2 /* Debug */,
				BF6347262521D74A00BCCFE2 /* Release */,
			);
			defaultConfigurationIsVisible = 0;
			defaultConfigurationName = Release;
		};
/* End XCConfigurationList section */
	};
	rootObject = BF6346EC2521D74700BCCFE2 /* Project object */;
}
